
Microsoft Visual Studio Solution File, Format Version 12.00
# Visual Studio Version 17
VisualStudioVersion = 17.0.31903.59
MinimumVisualStudioVersion = 10.0.40219.1
Project("{FAE04EC0-301F-11D3-BF4B-00C04F79EFBC}") = "zaidlearningapp", "zaidlearningapp\zaidlearningapp.csproj", "{5DA16F56-AD94-499D-88B1-BCA0A2575798}"
EndProject
Global
	GlobalSection(SolutionConfigurationPlatforms) = preSolution
		Debug|Any CPU = Debug|Any CPU
		Release|Any CPU = Release|Any CPU
	EndGlobalSection
	GlobalSection(SolutionProperties) = preSolution
		HideSolutionNode = FALSE
	EndGlobalSection
	GlobalSection(ProjectConfigurationPlatforms) = postSolution
		{5DA16F56-AD94-499D-88B1-BCA0A2575798}.Debug|Any CPU.ActiveCfg = Debug|Any CPU
		{5DA16F56-AD94-499D-88B1-BCA0A2575798}.Debug|Any CPU.Build.0 = Debug|Any CPU
		{5DA16F56-AD94-499D-88B1-BCA0A2575798}.Release|Any CPU.ActiveCfg = Release|Any CPU
		{5DA16F56-AD94-499D-88B1-BCA0A2575798}.Release|Any CPU.Build.0 = Release|Any CPU
	EndGlobalSection
EndGlobal
